
Microsoft Visual Studio Solution File, Format Version 12.00
Project("{FAE04EC0-301F-11D3-BF4B-00C04F79EFBC}") = "WeatherDataAnalyser", "WeatherDataAnalyser\WeatherDataAnalyser.csproj", "{6853827F-B93E-4243-8786-CFEAD09B9921}"
EndProject
Project("{FAE04EC0-301F-11D3-BF4B-00C04F79EFBC}") = "WeatherDataAnalyserTest", "WeatherDataAnalyserTest\WeatherDataAnalyserTest.csproj", "{7F426521-EC21-4F6C-8B59-82733D1125E4}"
EndProject
Global
	GlobalSection(SolutionConfigurationPlatforms) = preSolution
		Debug|Any CPU = Debug|Any CPU
		Release|Any CPU = Release|Any CPU
	EndGlobalSection
	GlobalSection(ProjectConfigurationPlatforms) = postSolution
		{6853827F-B93E-4243-8786-CFEAD09B9921}.Debug|Any CPU.ActiveCfg = Debug|Any CPU
		{6853827F-B93E-4243-8786-CFEAD09B9921}.Debug|Any CPU.Build.0 = Debug|Any CPU
		{6853827F-B93E-4243-8786-CFEAD09B9921}.Release|Any CPU.ActiveCfg = Release|Any CPU
		{6853827F-B93E-4243-8786-CFEAD09B9921}.Release|Any CPU.Build.0 = Release|Any CPU
		{7F426521-EC21-4F6C-8B59-82733D1125E4}.Debug|Any CPU.ActiveCfg = Debug|Any CPU
		{7F426521-EC21-4F6C-8B59-82733D1125E4}.Debug|Any CPU.Build.0 = Debug|Any CPU
		{7F426521-EC21-4F6C-8B59-82733D1125E4}.Release|Any CPU.ActiveCfg = Release|Any CPU
		{7F426521-EC21-4F6C-8B59-82733D1125E4}.Release|Any CPU.Build.0 = Release|Any CPU
	EndGlobalSection
EndGlobal
